// !$*UTF8*$!
{
	archiveVersion = 1;
	classes = {
	};
	objectVersion = 48;
	objects = {

/* Begin PBXBuildFile section */
		528FC3AA1FC8FEFE0097CEA3 /* AppDelegate.swift in Sources */ = {isa = PBXBuildFile; fileRef = 528FC3A91FC8FEFE0097CEA3 /* AppDelegate.swift */; };
		528FC3AC1FC8FEFE0097CEA3 /* ViewController.swift in Sources */ = {isa = PBXBuildFile; fileRef = 528FC3AB1FC8FEFE0097CEA3 /* ViewController.swift */; };
		528FC3AF1FC8FEFE0097CEA3 /* Main.storyboard in Resources */ = {isa = PBXBuildFile; fileRef = 528FC3AD1FC8FEFE0097CEA3 /* Main.storyboard */; };
		528FC3B11FC8FEFE0097CEA3 /* Assets.xcassets in Resources */ = {isa = PBXBuildFile; fileRef = 528FC3B01FC8FEFE0097CEA3 /* Assets.xcassets */; };
		528FC3B41FC8FEFE0097CEA3 /* LaunchScreen.storyboard in Resources */ = {isa = PBXBuildFile; fileRef = 528FC3B21FC8FEFE0097CEA3 /* LaunchScreen.storyboard */; };
/* End PBXBuildFile section */

/* Begin PBXFileReference section */
		528FC3A61FC8FEFE0097CEA3 /* TransformerCompany.app */ = {isa = PBXFileReference; explicitFileType = wrapper.application; includeInIndex = 0; path = TransformerCompany.app; sourceTree = BUILT_PRODUCTS_DIR; };
		528FC3A91FC8FEFE0097CEA3 /* AppDelegate.swift */ = {isa = PBXFileReference; lastKnownFileType = sourcecode.swift; path = AppDelegate.swift; sourceTree = "<group>"; };
		528FC3AB1FC8FEFE0097CEA3 /* ViewController.swift */ = {isa = PBXFileReference; lastKnownFileType = sourcecode.swift; path = ViewController.swift; sourceTree = "<group>"; };
		528FC3AE1FC8FEFE0097CEA3 /* Base */ = {isa = PBXFileReference; lastKnownFileType = file.storyboard; name = Base; path = Base.lproj/Main.storyboard; sourceTree = "<group>"; };
		528FC3B01FC8FEFE0097CEA3 /* Assets.xcassets */ = {isa = PBXFileReference; lastKnownFileType = folder.assetcatalog; path = Assets.xcassets; sourceTree = "<group>"; };
		528FC3B31FC8FEFE0097CEA3 /* Base */ = {isa = PBXFileReference; lastKnownFileType = file.storyboard; name = Base; path = Base.lproj/LaunchScreen.storyboard; sourceTree = "<group>"; };
		528FC3B51FC8FEFE0097CEA3 /* Info.plist */ = {isa = PBXFileReference; lastKnownFileType = text.plist.xml; path = Info.plist; sourceTree = "<group>"; };
/* End PBXFileReference section */

/* Begin PBXFrameworksBuildPhase section */
		528FC3A31FC8FEFE0097CEA3 /* Frameworks */ = {
			isa = PBXFrameworksBuildPhase;
			buildActionMask = 2147483647;
			files = (
			);
			runOnlyForDeploymentPostprocessing = 0;
		};
/* End PBXFrameworksBuildPhase section */

/* Begin PBXGroup section */
		528FC39D1FC8FEFE0097CEA3 = {
			isa = PBXGroup;
			children = (
				528FC3A81FC8FEFE0097CEA3 /* TransformerCompany */,
				528FC3A71FC8FEFE0097CEA3 /* Products */,
			);
			sourceTree = "<group>";
		};
		528FC3A71FC8FEFE0097CEA3 /* Products */ = {
			isa = PBXGroup;
			children = (
				528FC3A61FC8FEFE0097CEA3 /* TransformerCompany.app */,
			);
			name = Products;
			sourceTree = "<group>";
		};
		528FC3A81FC8FEFE0097CEA3 /* TransformerCompany */ = {
			isa = PBXGroup;
			children = (
				528FC3A91FC8FEFE0097CEA3 /* AppDelegate.swift */,
				528FC3AB1FC8FEFE0097CEA3 /* ViewController.swift */,
				528FC3AD1FC8FEFE0097CEA3 /* Main.storyboard */,
				528FC3B01FC8FEFE0097CEA3 /* Assets.xcassets */,
				528FC3B21FC8FEFE0097CEA3 /* LaunchScreen.storyboard */,
				528FC3B51FC8FEFE0097CEA3 /* Info.plist */,
			);
			path = TransformerCompany;
			sourceTree = "<group>";
		};
/* End PBXGroup section */

/* Begin PBXNativeTarget section */
		528FC3A51FC8FEFE0097CEA3 /* TransformerCompany */ = {
			isa = PBXNativeTarget;
			buildConfigurationList = 528FC3B81FC8FEFE0097CEA3 /* Build configuration list for PBXNativeTarget "TransformerCompany" */;
			buildPhases = (
				528FC3A21FC8FEFE0097CEA3 /* Sources */,
				528FC3A31FC8FEFE0097CEA3 /* Frameworks */,
				528FC3A41FC8FEFE0097CEA3 /* Resources */,
			);
			buildRules = (
			);
			dependencies = (
			);
			name = TransformerCompany;
			productName = TransformerCompany;
			productReference = 528FC3A61FC8FEFE0097CEA3 /* TransformerCompany.app */;
			productType = "com.apple.product-type.application";
		};
/* End PBXNativeTarget section */

/* Begin PBXProject section */
		528FC39E1FC8FEFE0097CEA3 /* Project object */ = {
			isa = PBXProject;
			attributes = {
				LastSwiftUpdateCheck = 0910;
				LastUpgradeCheck = 0910;
				ORGANIZATIONNAME = "Jeff Mew";
				TargetAttributes = {
					528FC3A51FC8FEFE0097CEA3 = {
						CreatedOnToolsVersion = 9.1;
						ProvisioningStyle = Automatic;
					};
				};
			};
			buildConfigurationList = 528FC3A11FC8FEFE0097CEA3 /* Build configuration list for PBXProject "TransformerCompany" */;
			compatibilityVersion = "Xcode 8.0";
			developmentRegion = en;
			hasScannedForEncodings = 0;
			knownRegions = (
				en,
				Base,
			);
			mainGroup = 528FC39D1FC8FEFE0097CEA3;
			productRefGroup = 528FC3A71FC8FEFE0097CEA3 /* Products */;
			projectDirPath = "";
			projectRoot = "";
			targets = (
				528FC3A51FC8FEFE0097CEA3 /* TransformerCompany */,
			);
		};
/* End PBXProject section */

/* Begin PBXResourcesBuildPhase section */
		528FC3A41FC8FEFE0097CEA3 /* Resources */ = {
			isa = PBXResourcesBuildPhase;
			buildActionMask = 2147483647;
			files = (
				528FC3B41FC8FEFE0097CEA3 /* LaunchScreen.storyboard in Resources */,
				528FC3B11FC8FEFE0097CEA3 /* Assets.xcassets in Resources */,
				528FC3AF1FC8FEFE0097CEA3 /* Main.storyboard in Resources */,
			);
			runOnlyForDeploymentPostprocessing = 0;
		};
/* End PBXResourcesBuildPhase section */

/* Begin PBXSourcesBuildPhase section */
		528FC3A21FC8FEFE0097CEA3 /* Sources */ = {
			isa = PBXSourcesBuildPhase;
			buildActionMask = 2147483647;
			files = (
				528FC3AC1FC8FEFE0097CEA3 /* ViewController.swift in Sources */,
				528FC3AA1FC8FEFE0097CEA3 /* AppDelegate.swift in Sources */,
			);
			runOnlyForDeploymentPostprocessing = 0;
		};
/* End PBXSourcesBuildPhase section */

/* Begin PBXVariantGroup section */
		528FC3AD1FC8FEFE0097CEA3 /* Main.storyboard */ = {
			isa = PBXVariantGroup;
			children = (
				528FC3AE1FC8FEFE0097CEA3 /* Base */,
			);
			name = Main.storyboard;
			sourceTree = "<group>";
		};
		528FC3B21FC8FEFE0097CEA3 /* LaunchScreen.storyboard */ = {
			isa = PBXVariantGroup;
			children = (
				528FC3B31FC8FEFE0097CEA3 /* Base */,
			);
			name = LaunchScreen.storyboard;
			sourceTree = "<group>";
		};
/* End PBXVariantGroup section */

/* Begin XCBuildConfiguration section */
		528FC3B61FC8FEFE0097CEA3 /* Debug */ = {
			isa = XCBuildConfiguration;
			buildSettings = {
				ALWAYS_SEARCH_USER_PATHS = NO;
				CLANG_ANALYZER_NONNULL = YES;
				CLANG_ANALYZER_NUMBER_OBJECT_CONVERSION = YES_AGGRESSIVE;
				CLANG_CXX_LANGUAGE_STANDARD = "gnu++14";
				CLANG_CXX_LIBRARY = "libc++";
				CLANG_ENABLE_MODULES = YES;
				CLANG_ENABLE_OBJC_ARC = YES;
				CLANG_WARN_BLOCK_CAPTURE_AUTORELEASING = YES;
				CLANG_WARN_BOOL_CONVERSION = YES;
				CLANG_WARN_COMMA = YES;
				CLANG_WARN_CONSTANT_CONVERSION = YES;
				CLANG_WARN_DIRECT_OBJC_ISA_USAGE = YES_ERROR;
				CLANG_WARN_DOCUMENTATION_COMMENTS = YES;
				CLANG_WARN_EMPTY_BODY = YES;
				CLANG_WARN_ENUM_CONVERSION = YES;
				CLANG_WARN_INFINITE_RECURSION = YES;
				CLANG_WARN_INT_CONVERSION = YES;
				CLANG_WARN_NON_LITERAL_NULL_CONVERSION = YES;
				CLANG_WARN_OBJC_LITERAL_CONVERSION = YES;
				CLANG_WARN_OBJC_ROOT_CLASS = YES_ERROR;
				CLANG_WARN_RANGE_LOOP_ANALYSIS = YES;
				CLANG_WARN_STRICT_PROTOTYPES = YES;
				CLANG_WARN_SUSPICIOUS_MOVE = YES;
				CLANG_WARN_UNGUARDED_AVAILABILITY = YES_AGGRESSIVE;
				CLANG_WARN_UNREACHABLE_CODE = YES;
				CLANG_WARN__DUPLICATE_METHOD_MATCH = YES;
				CODE_SIGN_IDENTITY = "iPhone Developer";
				COPY_PHASE_STRIP = NO;
				DEBUG_INFORMATION_FORMAT = dwarf;
				ENABLE_STRICT_OBJC_MSGSEND = YES;
				ENABLE_TESTABILITY = YES;
				GCC_C_LANGUAGE_STANDARD = gnu11;
				GCC_DYNAMIC_NO_PIC = NO;
				GCC_NO_COMMON_BLOCKS = YES;
				GCC_OPTIMIZATION_LEVEL = 0;
				GCC_PREPROCESSOR_DEFINITIONS = (
					"DEBUG=1",
					"$(inherited)",
				);
				GCC_WARN_64_TO_32_BIT_CONVERSION = YES;
				GCC_WARN_ABOUT_RETURN_TYPE = YES_ERROR;
				GCC_WARN_UNDECLARED_SELECTOR = YES;
				GCC_WARN_UNINITIALIZED_AUTOS = YES_AGGRESSIVE;
				GCC_WARN_UNUSED_FUNCTION = YES;
				GCC_WARN_UNUSED_VARIABLE = YES;
				IPHONEOS_DEPLOYMENT_TARGET = 11.1;
				MTL_ENABLE_DEBUG_INFO = YES;
				ONLY_ACTIVE_ARCH = YES;
				SDKROOT = iphoneos;
				SWIFT_ACTIVE_COMPILATION_CONDITIONS = DEBUG;
				SWIFT_OPTIMIZATION_LEVEL = "-Onone";
			};
			name = Debug;
		};
		528FC3B71FC8FEFE0097CEA3 /* Release */ = {
			isa = XCBuildConfiguration;
			buildSettings = {
				ALWAYS_SEARCH_USER_PATHS = NO;
				CLANG_ANALYZER_NONNULL = YES;
				CLANG_ANALYZER_NUMBER_OBJECT_CONVERSION = YES_AGGRESSIVE;
				CLANG_CXX_LANGUAGE_STANDARD = "gnu++14";
				CLANG_CXX_LIBRARY = "libc++";
				CLANG_ENABLE_MODULES = YES;
				CLANG_ENABLE_OBJC_ARC = YES;
				CLANG_WARN_BLOCK_CAPTURE_AUTORELEASING = YES;
				CLANG_WARN_BOOL_CONVERSION = YES;
				CLANG_WARN_COMMA = YES;
				CLANG_WARN_CONSTANT_CONVERSION = YES;
				CLANG_WARN_DIRECT_OBJC_ISA_USAGE = YES_ERROR;
				CLANG_WARN_DOCUMENTATION_COMMENTS = YES;
				CLANG_WARN_EMPTY_BODY = YES;
				CLANG_WARN_ENUM_CONVERSION = YES;
				CLANG_WARN_INFINITE_RECURSION = YES;
				CLANG_WARN_INT_CONVERSION = YES;
				CLANG_WARN_NON_LITERAL_NULL_CONVERSION = YES;
				CLANG_WARN_OBJC_LITERAL_CONVERSION = YES;
				CLANG_WARN_OBJC_ROOT_CLASS = YES_ERROR;
				CLANG_WARN_RANGE_LOOP_ANALYSIS = YES;
				CLANG_WARN_STRICT_PROTOTYPES = YES;
				CLANG_WARN_SUSPICIOUS_MOVE = YES;
				CLANG_WARN_UNGUARDED_AVAILABILITY = YES_AGGRESSIVE;
				CLANG_WARN_UNREACHABLE_CODE = YES;
				CLANG_WARN__DUPLICATE_METHOD_MATCH = YES;
				CODE_SIGN_IDENTITY = "iPhone Developer";
				COPY_PHASE_STRIP = NO;
				DEBUG_INFORMATION_FORMAT = "dwarf-with-dsym";
				ENABLE_NS_ASSERTIONS = NO;
				ENABLE_STRICT_OBJC_MSGSEND = YES;
				GCC_C_LANGUAGE_STANDARD = gnu11;
				GCC_NO_COMMON_BLOCKS = YES;
				GCC_WARN_64_TO_32_BIT_CONVERSION = YES;
				GCC_WARN_ABOUT_RETURN_TYPE = YES_ERROR;
				GCC_WARN_UNDECLARED_SELECTOR = YES;
				GCC_WARN_UNINITIALIZED_AUTOS = YES_AGGRESSIVE;
				GCC_WARN_UNUSED_FUNCTION = YES;
				GCC_WARN_UNUSED_VARIABLE = YES;
				IPHONEOS_DEPLOYMENT_TARGET = 11.1;
				MTL_ENABLE_DEBUG_INFO = NO;
				SDKROOT = iphoneos;
				SWIFT_OPTIMIZATION_LEVEL = "-Owholemodule";
				VALIDATE_PRODUCT = YES;
			};
			name = Release;
		};
		528FC3B91FC8FEFE0097CEA3 /* Debug */ = {
			isa = XCBuildConfiguration;
			buildSettings = {
				ASSETCATALOG_COMPILER_APPICON_NAME = AppIcon;
				CODE_SIGN_STYLE = Automatic;
				INFOPLIST_FILE = TransformerCompany/Info.plist;
				LD_RUNPATH_SEARCH_PATHS = "$(inherited) @executable_path/Frameworks";
				PRODUCT_BUNDLE_IDENTIFIER = mew.jeff.TransformerCompany;
				PRODUCT_NAME = "$(TARGET_NAME)";
				SWIFT_VERSION = 4.0;
				TARGETED_DEVICE_FAMILY = "1,2";
			};
			name = Debug;
		};
		528FC3BA1FC8FEFE0097CEA3 /* Release */ = {
			isa = XCBuildConfiguration;
			buildSettings = {
				ASSETCATALOG_COMPILER_APPICON_NAME = AppIcon;
				CODE_SIGN_STYLE = Automatic;
				INFOPLIST_FILE = TransformerCompany/Info.plist;
				LD_RUNPATH_SEARCH_PATHS = "$(inherited) @executable_path/Frameworks";
				PRODUCT_BUNDLE_IDENTIFIER = mew.jeff.TransformerCompany;
				PRODUCT_NAME = "$(TARGET_NAME)";
				SWIFT_VERSION = 4.0;
				TARGETED_DEVICE_FAMILY = "1,2";
			};
			name = Release;
		};
/* End XCBuildConfiguration section */

/* Begin XCConfigurationList section */
		528FC3A11FC8FEFE0097CEA3 /* Build configuration list for PBXProject "TransformerCompany" */ = {
			isa = XCConfigurationList;
			buildConfigurations = (
				528FC3B61FC8FEFE0097CEA3 /* Debug */,
				528FC3B71FC8FEFE0097CEA3 /* Release */,
			);
			defaultConfigurationIsVisible = 0;
			defaultConfigurationName = Release;
		};
		528FC3B81FC8FEFE0097CEA3 /* Build configuration list for PBXNativeTarget "TransformerCompany" */ = {
			isa = XCConfigurationList;
			buildConfigurations = (
				528FC3B91FC8FEFE0097CEA3 /* Debug */,
				528FC3BA1FC8FEFE0097CEA3 /* Release */,
			);
			defaultConfigurationIsVisible = 0;
			defaultConfigurationName = Release;
		};
/* End XCConfigurationList section */
	};
	rootObject = 528FC39E1FC8FEFE0097CEA3 /* Project object */;
}
